// !$*UTF8*$!
{
	archiveVersion = 1;
	classes = {
	};
	objectVersion = 56;
	objects = {

/* Begin PBXBuildFile section */
		1D1A6FD82AC8E7E8005E2D1B /* PolotnoSwiftApp.swift in Sources */ = {isa = PBXBuildFile; fileRef = 1D1A6FCF2AC8E7E8005E2D1B /* PolotnoSwiftApp.swift */; };
		1D1A6FD92AC8E7E8005E2D1B /* ContentView.swift in Sources */ = {isa = PBXBuildFile; fileRef = 1D1A6FD02AC8E7E8005E2D1B /* ContentView.swift */; };
		1D1A6FDA2AC8E7E8005E2D1B /* EditorWebView.swift in Sources */ = {isa = PBXBuildFile; fileRef = 1D1A6FD12AC8E7E8005E2D1B /* EditorWebView.swift */; };
		1D1A6FDD2AC8E7E8005E2D1B /* Assets.xcassets in Resources */ = {isa = PBXBuildFile; fileRef = 1D1A6FD32AC8E7E8005E2D1B /* Assets.xcassets */; };
		1D1A6FDE2AC8E7E8005E2D1B /* Preview Assets.xcassets in Resources */ = {isa = PBXBuildFile; fileRef = 1D1A6FD52AC8E7E8005E2D1B /* Preview Assets.xcassets */; };
		1D1A6FDF2AC8E7E8005E2D1B /* Editor in Resources */ = {isa = PBXBuildFile; fileRef = 1D1A6FD62AC8E7E8005E2D1B /* Editor */; };
		1D1A6FE42AC8E7E8005E2D1B /* SampleDocument.json in Resources */ = {isa = PBXBuildFile; fileRef = 1D1A6FE52AC8E7E8005E2D1B /* SampleDocument.json */; };
/* End PBXBuildFile section */

/* Begin PBXFileReference section */
		1D1A6FCB2AC8E7E8005E2D1B /* PolotnoSwift.app */ = {isa = PBXFileReference; explicitFileType = wrapper.application; includeInIndex = 0; path = PolotnoSwift.app; sourceTree = BUILT_PRODUCTS_DIR; };
		1D1A6FCF2AC8E7E8005E2D1B /* PolotnoSwiftApp.swift */ = {isa = PBXFileReference; lastKnownFileType = sourcecode.swift; path = PolotnoSwiftApp.swift; sourceTree = "<group>"; };
		1D1A6FD02AC8E7E8005E2D1B /* ContentView.swift */ = {isa = PBXFileReference; lastKnownFileType = sourcecode.swift; path = ContentView.swift; sourceTree = "<group>"; };
		1D1A6FD12AC8E7E8005E2D1B /* EditorWebView.swift */ = {isa = PBXFileReference; lastKnownFileType = sourcecode.swift; path = EditorWebView.swift; sourceTree = "<group>"; };
		1D1A6FD22AC8E7E8005E2D1B /* Info.plist */ = {isa = PBXFileReference; lastKnownFileType = text.plist.xml; path = Info.plist; sourceTree = "<group>"; };
		1D1A6FD32AC8E7E8005E2D1B /* Assets.xcassets */ = {isa = PBXFileReference; lastKnownFileType = folder.assetcatalog; path = Assets.xcassets; sourceTree = "<group>"; };
		1D1A6FD52AC8E7E8005E2D1B /* Preview Assets.xcassets */ = {isa = PBXFileReference; lastKnownFileType = folder.assetcatalog; path = "Preview Assets.xcassets"; sourceTree = "<group>"; };
		1D1A6FD62AC8E7E8005E2D1B /* Editor */ = {isa = PBXFileReference; lastKnownFileType = folder; path = Editor; sourceTree = "<group>"; };
		1D1A6FE52AC8E7E8005E2D1B /* SampleDocument.json */ = {isa = PBXFileReference; lastKnownFileType = text.json; path = SampleDocument.json; sourceTree = "<group>"; };
/* End PBXFileReference section */

/* Begin PBXFrameworksBuildPhase section */
		1D1A6FC82AC8E7E8005E2D1B /* Frameworks */ = {
			isa = PBXFrameworksBuildPhase;
			buildActionMask = 2147483647;
			files = (
			);
			runOnlyForDeploymentPostprocessing = 0;
		};
/* End PBXFrameworksBuildPhase section */

/* Begin PBXGroup section */
		1D1A6FBE2AC8E7E8005E2D1B /* PolotnoSwift */ = {
			isa = PBXGroup;
			children = (
				1D1A6FCF2AC8E7E8005E2D1B /* PolotnoSwiftApp.swift */,
				1D1A6FD02AC8E7E8005E2D1B /* ContentView.swift */,
				1D1A6FD12AC8E7E8005E2D1B /* EditorWebView.swift */,
				1D1A6FD32AC8E7E8005E2D1B /* Assets.xcassets */,
				1D1A6FD22AC8E7E8005E2D1B /* Info.plist */,
				1D1A6FD62AC8E7E8005E2D1B /* Editor */,
				1D1A6FE52AC8E7E8005E2D1B /* SampleDocument.json */,
				1D1A6FD42AC8E7E8005E2D1B /* Preview Content */,
			);
			path = PolotnoSwift;
			sourceTree = "<group>";
		};
		1D1A6FBF2AC8E7E8005E2D1B = {
			isa = PBXGroup;
			children = (
				1D1A6FBE2AC8E7E8005E2D1B /* PolotnoSwift */,
				1D1A6FCC2AC8E7E8005E2D1B /* Products */,
			);
			sourceTree = "<group>";
		};
		1D1A6FCC2AC8E7E8005E2D1B /* Products */ = {
			isa = PBXGroup;
			children = (
				1D1A6FCB2AC8E7E8005E2D1B /* PolotnoSwift.app */,
			);
			name = Products;
			sourceTree = "<group>";
		};
		1D1A6FD42AC8E7E8005E2D1B /* Preview Content */ = {
			isa = PBXGroup;
			children = (
				1D1A6FD52AC8E7E8005E2D1B /* Preview Assets.xcassets */,
			);
			path = "Preview Content";
			sourceTree = "<group>";
		};
/* End PBXGroup section */

/* Begin PBXNativeTarget section */
		1D1A6FC72AC8E7E8005E2D1B /* PolotnoSwift */ = {
			isa = PBXNativeTarget;
			buildConfigurationList = 1D1A6FE32AC8E7E8005E2D1B /* Build configuration list for PBXNativeTarget "PolotnoSwift" */;
			buildPhases = (
				1D1A6FC62AC8E7E8005E2D1B /* Sources */,
				1D1A6FC82AC8E7E8005E2D1B /* Frameworks */,
				1D1A6FC92AC8E7E8005E2D1B /* Resources */,
			);
			buildRules = (
			);
			dependencies = (
			);
			name = PolotnoSwift;
			productName = PolotnoSwift;
			productReference = 1D1A6FCB2AC8E7E8005E2D1B /* PolotnoSwift.app */;
			productType = "com.apple.product-type.application";
		};
/* End PBXNativeTarget section */

/* Begin PBXProject section */
		1D1A6FC32AC8E7E8005E2D1B /* Project object */ = {
			isa = PBXProject;
			attributes = {
				BuildIndependentTargetsInParallel = YES;
				LastSwiftUpdateCheck = 1530;
				LastUpgradeCheck = 2610;
				TargetAttributes = {
					1D1A6FC72AC8E7E8005E2D1B = {
						CreatedOnToolsVersion = 15.3;
					};
				};
			};
			buildConfigurationList = 1D1A6FC62AC8E7E8005E2D1C /* Build configuration list for PBXProject "PolotnoSwift" */;
			compatibilityVersion = "Xcode 14.0";
			developmentRegion = en;
			hasScannedForEncodings = 0;
			knownRegions = (
				en,
				Base,
			);
			mainGroup = 1D1A6FBF2AC8E7E8005E2D1B;
			productRefGroup = 1D1A6FCC2AC8E7E8005E2D1B /* Products */;
			projectDirPath = "";
			projectRoot = "";
			targets = (
				1D1A6FC72AC8E7E8005E2D1B /* PolotnoSwift */,
			);
		};
/* End PBXProject section */

/* Begin PBXResourcesBuildPhase section */
		1D1A6FC92AC8E7E8005E2D1B /* Resources */ = {
			isa = PBXResourcesBuildPhase;
			buildActionMask = 2147483647;
			files = (
				1D1A6FDF2AC8E7E8005E2D1B /* Editor in Resources */,
				1D1A6FE42AC8E7E8005E2D1B /* SampleDocument.json in Resources */,
				1D1A6FDE2AC8E7E8005E2D1B /* Preview Assets.xcassets in Resources */,
				1D1A6FDD2AC8E7E8005E2D1B /* Assets.xcassets in Resources */,
			);
			runOnlyForDeploymentPostprocessing = 0;
		};
/* End PBXResourcesBuildPhase section */

/* Begin PBXSourcesBuildPhase section */
		1D1A6FC62AC8E7E8005E2D1B /* Sources */ = {
			isa = PBXSourcesBuildPhase;
			buildActionMask = 2147483647;
			files = (
				1D1A6FDA2AC8E7E8005E2D1B /* EditorWebView.swift in Sources */,
				1D1A6FD92AC8E7E8005E2D1B /* ContentView.swift in Sources */,
				1D1A6FD82AC8E7E8005E2D1B /* PolotnoSwiftApp.swift in Sources */,
			);
			runOnlyForDeploymentPostprocessing = 0;
		};
/* End PBXSourcesBuildPhase section */

/* Begin XCBuildConfiguration section */
		1D1A6FDF2AC8E7E8005E2D2A /* Debug */ = {
			isa = XCBuildConfiguration;
			buildSettings = {
				ALWAYS_SEARCH_USER_PATHS = NO;
				CLANG_ANALYZER_NONNULL = YES;
				CLANG_ANALYZER_NUMBER_OBJECT_CONVERSION = YES_AGGRESSIVE;
				CLANG_CXX_LANGUAGE_STANDARD = "gnu++20";
				CLANG_ENABLE_MODULES = YES;
				CLANG_ENABLE_OBJC_ARC = YES;
				CLANG_WARN_BLOCK_CAPTURE_AUTORELEASING = YES;
				CLANG_WARN_BOOL_CONVERSION = YES;
				CLANG_WARN_COMMA = YES;
				CLANG_WARN_CONSTANT_CONVERSION = YES;
				CLANG_WARN_DEPRECATED_OBJC_IMPLEMENTATIONS = YES;
				CLANG_WARN_DIRECT_OBJC_ISA_USAGE = YES_ERROR;
				CLANG_WARN_DOCUMENTATION_COMMENTS = YES;
				CLANG_WARN_EMPTY_BODY = YES;
				CLANG_WARN_ENUM_CONVERSION = YES;
				CLANG_WARN_INFINITE_RECURSION = YES;
				CLANG_WARN_INT_CONVERSION = YES;
				CLANG_WARN_NON_LITERAL_NULL_CONVERSION = YES;
				CLANG_WARN_OBJC_IMPLICIT_RETAIN_SELF = YES;
				CLANG_WARN_OBJC_LITERAL_CONVERSION = YES;
				CLANG_WARN_OBJC_ROOT_CLASS = YES_ERROR;
				CLANG_WARN_QUOTED_INCLUDE_IN_FRAMEWORK_HEADER = YES;
				CLANG_WARN_RANGE_LOOP_ANALYSIS = YES;
				CLANG_WARN_STRICT_PROTOTYPES = YES;
				CLANG_WARN_SUSPICIOUS_MOVE = YES;
				CLANG_WARN_UNGUARDED_AVAILABILITY = YES_AGGRESSIVE;
				CLANG_WARN_UNREACHABLE_CODE = YES;
				CLANG_WARN__DUPLICATE_METHOD_MATCH = YES;
				CODE_SIGN_STYLE = Automatic;
				COPY_PHASE_STRIP = NO;
				DEBUG_INFORMATION_FORMAT = dwarf;
				ENABLE_STRICT_OBJC_MSGSEND = YES;
				ENABLE_TESTABILITY = YES;
				ENABLE_USER_SCRIPT_SANDBOXING = YES;
				GCC_C_LANGUAGE_STANDARD = gnu17;
				GCC_DYNAMIC_NO_PIC = NO;
				GCC_NO_COMMON_BLOCKS = YES;
				GCC_OPTIMIZATION_LEVEL = 0;
				GCC_PREPROCESSOR_DEFINITIONS = (
					"DEBUG=1",
					"$(inherited)",
				);
				GCC_WARN_64_TO_32_BIT_CONVERSION = YES;
				GCC_WARN_ABOUT_RETURN_TYPE = YES_ERROR;
				GCC_WARN_UNDECLARED_SELECTOR = YES;
				GCC_WARN_UNINITIALIZED_AUTOS = YES_AGGRESSIVE;
				GCC_WARN_UNUSED_FUNCTION = YES;
				GCC_WARN_UNUSED_VARIABLE = YES;
				IPHONEOS_DEPLOYMENT_TARGET = 16.0;
				LD_RUNPATH_SEARCH_PATHS = (
					"$(inherited)",
					"@executable_path/Frameworks",
				);
				MTL_ENABLE_DEBUG_INFO = INCLUDE_SOURCE;
				ONLY_ACTIVE_ARCH = YES;
				SDKROOT = iphoneos;
				STRING_CATALOG_GENERATE_SYMBOLS = YES;
				SWIFT_ACTIVE_COMPILATION_CONDITIONS = DEBUG;
				SWIFT_OPTIMIZATION_LEVEL = "-Onone";
				SWIFT_VERSION = 5.0;
			};
			name = Debug;
		};
		1D1A6FE02AC8E7E8005E2D2A /* Release */ = {
			isa = XCBuildConfiguration;
			buildSettings = {
				ALWAYS_SEARCH_USER_PATHS = NO;
				CLANG_ANALYZER_NONNULL = YES;
				CLANG_ANALYZER_NUMBER_OBJECT_CONVERSION = YES_AGGRESSIVE;
				CLANG_CXX_LANGUAGE_STANDARD = "gnu++20";
				CLANG_ENABLE_MODULES = YES;
				CLANG_ENABLE_OBJC_ARC = YES;
				CLANG_WARN_BLOCK_CAPTURE_AUTORELEASING = YES;
				CLANG_WARN_BOOL_CONVERSION = YES;
				CLANG_WARN_COMMA = YES;
				CLANG_WARN_CONSTANT_CONVERSION = YES;
				CLANG_WARN_DEPRECATED_OBJC_IMPLEMENTATIONS = YES;
				CLANG_WARN_DIRECT_OBJC_ISA_USAGE = YES_ERROR;
				CLANG_WARN_DOCUMENTATION_COMMENTS = YES;
				CLANG_WARN_EMPTY_BODY = YES;
				CLANG_WARN_ENUM_CONVERSION = YES;
				CLANG_WARN_INFINITE_RECURSION = YES;
				CLANG_WARN_INT_CONVERSION = YES;
				CLANG_WARN_NON_LITERAL_NULL_CONVERSION = YES;
				CLANG_WARN_OBJC_IMPLICIT_RETAIN_SELF = YES;
				CLANG_WARN_OBJC_LITERAL_CONVERSION = YES;
				CLANG_WARN_OBJC_ROOT_CLASS = YES_ERROR;
				CLANG_WARN_QUOTED_INCLUDE_IN_FRAMEWORK_HEADER = YES;
				CLANG_WARN_RANGE_LOOP_ANALYSIS = YES;
				CLANG_WARN_STRICT_PROTOTYPES = YES;
				CLANG_WARN_SUSPICIOUS_MOVE = YES;
				CLANG_WARN_UNGUARDED_AVAILABILITY = YES_AGGRESSIVE;
				CLANG_WARN_UNREACHABLE_CODE = YES;
				CLANG_WARN__DUPLICATE_METHOD_MATCH = YES;
				CODE_SIGN_STYLE = Automatic;
				COPY_PHASE_STRIP = NO;
				DEBUG_INFORMATION_FORMAT = "dwarf-with-dsym";
				ENABLE_NS_ASSERTIONS = NO;
				ENABLE_STRICT_OBJC_MSGSEND = YES;
				ENABLE_USER_SCRIPT_SANDBOXING = YES;
				GCC_C_LANGUAGE_STANDARD = gnu17;
				GCC_NO_COMMON_BLOCKS = YES;
				GCC_WARN_64_TO_32_BIT_CONVERSION = YES;
				GCC_WARN_ABOUT_RETURN_TYPE = YES_ERROR;
				GCC_WARN_UNDECLARED_SELECTOR = YES;
				GCC_WARN_UNINITIALIZED_AUTOS = YES_AGGRESSIVE;
				GCC_WARN_UNUSED_FUNCTION = YES;
				GCC_WARN_UNUSED_VARIABLE = YES;
				IPHONEOS_DEPLOYMENT_TARGET = 16.0;
				LD_RUNPATH_SEARCH_PATHS = (
					"$(inherited)",
					"@executable_path/Frameworks",
				);
				MTL_ENABLE_DEBUG_INFO = NO;
				SDKROOT = iphoneos;
				STRING_CATALOG_GENERATE_SYMBOLS = YES;
				SUPPORTED_PLATFORMS = "iphonesimulator iphoneos";
				SWIFT_COMPILATION_MODE = wholemodule;
				SWIFT_OPTIMIZATION_LEVEL = "-O";
				SWIFT_VERSION = 5.0;
				VALIDATE_PRODUCT = YES;
			};
			name = Release;
		};
		1D1A6FE12AC8E7E8005E2D2A /* Debug */ = {
			isa = XCBuildConfiguration;
			buildSettings = {
				ASSETCATALOG_COMPILER_APPICON_NAME = AppIcon;
				ASSETCATALOG_COMPILER_GLOBAL_ACCENT_COLOR_NAME = AccentColor;
				CLANG_ENABLE_MODULES = YES;
				CODE_SIGN_STYLE = Automatic;
				CURRENT_PROJECT_VERSION = 1;
				DEVELOPMENT_ASSET_PATHS = "\"PolotnoSwift/Preview Content\"";
				DEVELOPMENT_TEAM = "";
				GENERATE_INFOPLIST_FILE = NO;
				INFOPLIST_FILE = PolotnoSwift/Info.plist;
				INFOPLIST_KEY_CFBundleDisplayName = PolotnoSwift;
				INFOPLIST_KEY_UIApplicationSupportsIndirectInputEvents = YES;
				INFOPLIST_KEY_UILaunchStoryboardName = LaunchScreen;
				INFOPLIST_KEY_UISupportedInterfaceOrientations_iPad = "UIInterfaceOrientationPortrait UIInterfaceOrientationPortraitUpsideDown UIInterfaceOrientationLandscapeLeft UIInterfaceOrientationLandscapeRight";
				INFOPLIST_KEY_UISupportedInterfaceOrientations_iPhone = "UIInterfaceOrientationPortrait UIInterfaceOrientationLandscapeLeft UIInterfaceOrientationLandscapeRight";
				IPHONEOS_DEPLOYMENT_TARGET = 16.0;
				LD_RUNPATH_SEARCH_PATHS = (
					"$(inherited)",
					"@executable_path/Frameworks",
				);
				MARKETING_VERSION = 1.0;
				PRODUCT_BUNDLE_IDENTIFIER = com.example.PolotnoSwift;
				PRODUCT_NAME = "$(TARGET_NAME)";
				SUPPORTED_PLATFORMS = "iphonesimulator iphoneos";
				SWIFT_EMIT_LOC_STRINGS = YES;
				SWIFT_OPTIMIZATION_LEVEL = "-Onone";
				SWIFT_VERSION = 5.0;
				TARGETED_DEVICE_FAMILY = "1,2";
			};
			name = Debug;
		};
		1D1A6FE22AC8E7E8005E2D2A /* Release */ = {
			isa = XCBuildConfiguration;
			buildSettings = {
				ASSETCATALOG_COMPILER_APPICON_NAME = AppIcon;
				ASSETCATALOG_COMPILER_GLOBAL_ACCENT_COLOR_NAME = AccentColor;
				CLANG_ENABLE_MODULES = YES;
				CODE_SIGN_STYLE = Automatic;
				CURRENT_PROJECT_VERSION = 1;
				DEVELOPMENT_ASSET_PATHS = "\"PolotnoSwift/Preview Content\"";
				DEVELOPMENT_TEAM = "";
				GENERATE_INFOPLIST_FILE = NO;
				INFOPLIST_FILE = PolotnoSwift/Info.plist;
				INFOPLIST_KEY_CFBundleDisplayName = PolotnoSwift;
				INFOPLIST_KEY_UIApplicationSupportsIndirectInputEvents = YES;
				INFOPLIST_KEY_UILaunchStoryboardName = LaunchScreen;
				INFOPLIST_KEY_UISupportedInterfaceOrientations_iPad = "UIInterfaceOrientationPortrait UIInterfaceOrientationPortraitUpsideDown UIInterfaceOrientationLandscapeLeft UIInterfaceOrientationLandscapeRight";
				INFOPLIST_KEY_UISupportedInterfaceOrientations_iPhone = "UIInterfaceOrientationPortrait UIInterfaceOrientationLandscapeLeft UIInterfaceOrientationLandscapeRight";
				IPHONEOS_DEPLOYMENT_TARGET = 16.0;
				LD_RUNPATH_SEARCH_PATHS = (
					"$(inherited)",
					"@executable_path/Frameworks",
				);
				MARKETING_VERSION = 1.0;
				PRODUCT_BUNDLE_IDENTIFIER = com.example.PolotnoSwift;
				PRODUCT_NAME = "$(TARGET_NAME)";
				SUPPORTED_PLATFORMS = "iphonesimulator iphoneos";
				SWIFT_EMIT_LOC_STRINGS = YES;
				SWIFT_VERSION = 5.0;
				TARGETED_DEVICE_FAMILY = "1,2";
			};
			name = Release;
		};
/* End XCBuildConfiguration section */

/* Begin XCConfigurationList section */
		1D1A6FC62AC8E7E8005E2D1C /* Build configuration list for PBXProject "PolotnoSwift" */ = {
			isa = XCConfigurationList;
			buildConfigurations = (
				1D1A6FDF2AC8E7E8005E2D2A /* Debug */,
				1D1A6FE02AC8E7E8005E2D2A /* Release */,
			);
			defaultConfigurationIsVisible = 0;
			defaultConfigurationName = Release;
		};
		1D1A6FE32AC8E7E8005E2D1B /* Build configuration list for PBXNativeTarget "PolotnoSwift" */ = {
			isa = XCConfigurationList;
			buildConfigurations = (
				1D1A6FE12AC8E7E8005E2D2A /* Debug */,
				1D1A6FE22AC8E7E8005E2D2A /* Release */,
			);
			defaultConfigurationIsVisible = 0;
			defaultConfigurationName = Release;
		};
/* End XCConfigurationList section */
	};
	rootObject = 1D1A6FC32AC8E7E8005E2D1B /* Project object */;
}
